
Microsoft Visual Studio Solution File, Format Version 12.00
# Visual Studio Version 17
VisualStudioVersion = 17.13.35825.156
MinimumVisualStudioVersion = 10.0.40219.1
Project("{2150E333-8FDC-42A3-9474-1A3956D46DE8}") = "1.Core", "1.Core", "{02EA681E-C7D8-13C7-8484-4AC65E1B71E8}"
EndProject
Project("{2150E333-8FDC-42A3-9474-1A3956D46DE8}") = "5.Utils", "5.Utils", "{D311E4E2-A0C4-41FD-A080-12F673ECFA7A}"
EndProject
Project("{2150E333-8FDC-42A3-9474-1A3956D46DE8}") = "2.Models", "2.Models", "{34049E9C-7022-4A69-8562-F8875B486743}"
EndProject
Project("{2150E333-8FDC-42A3-9474-1A3956D46DE8}") = "3.Repositories", "3.Repositories", "{84534E82-F99E-44BC-A9EC-293E02CAA0F6}"
EndProject
Project("{2150E333-8FDC-42A3-9474-1A3956D46DE8}") = "4.Services", "4.Services", "{5A9BD3C9-A5F7-4103-9D54-13A322F6176C}"
EndProject
Project("{FAE04EC0-301F-11D3-BF4B-00C04F79EFBC}") = "FLDTOOL.EFCore", "FLDTOOL.EFCore\FLDTOOL.EFCore.csproj", "{65AF6C2E-3885-4838-A09A-078BA2DCE5BB}"
EndProject
Project("{FAE04EC0-301F-11D3-BF4B-00C04F79EFBC}") = "FLDTOOL.HR.VoteCore", "FLDTOOL.HR.VoteCore\FLDTOOL.HR.VoteCore.csproj", "{59EF6DD8-AAB0-431C-87EC-5B31A0C15A41}"
EndProject
Project("{2150E333-8FDC-42A3-9474-1A3956D46DE8}") = "6.Apis", "6.Apis", "{CFCE7F17-0C87-4002-8032-43545540AE4B}"
EndProject
Project("{FAE04EC0-301F-11D3-BF4B-00C04F79EFBC}") = "FLDTOOL.Model.ErpOaSync", "FLDTOOL.Model.ErpOaSync\FLDTOOL.Model.ErpOaSync.csproj", "{31B6C25A-AD27-450F-A692-F832C389BF27}"
EndProject
Project("{FAE04EC0-301F-11D3-BF4B-00C04F79EFBC}") = "FLDTOOL.Api.ErpOaSync", "FLDTOOL.Api.ErpOaSync\FLDTOOL.Api.ErpOaSync.csproj", "{04E1EDB4-AFF6-47E0-8292-8723AA0271EF}"
EndProject
Project("{FAE04EC0-301F-11D3-BF4B-00C04F79EFBC}") = "FLDTOOL.Utils.ErpOaSync", "FLDTOOL.Utils.ErpOaSync\FLDTOOL.Utils.ErpOaSync.csproj", "{85F30B77-7AFA-463B-8BF7-1086E1541CB8}"
EndProject
Project("{FAE04EC0-301F-11D3-BF4B-00C04F79EFBC}") = "FLDTOOL.Api.FullantiOaSync", "FLDTOOL.Api.FullantiOaSync\FLDTOOL.Api.FullantiOaSync.csproj", "{6604DC13-A143-4ED3-BC6B-4DE0295B9E66}"
EndProject
Global
	GlobalSection(SolutionConfigurationPlatforms) = preSolution
		Debug|Any CPU = Debug|Any CPU
		Release|Any CPU = Release|Any CPU
	EndGlobalSection
	GlobalSection(ProjectConfigurationPlatforms) = postSolution
		{65AF6C2E-3885-4838-A09A-078BA2DCE5BB}.Debug|Any CPU.ActiveCfg = Debug|Any CPU
		{65AF6C2E-3885-4838-A09A-078BA2DCE5BB}.Debug|Any CPU.Build.0 = Debug|Any CPU
		{65AF6C2E-3885-4838-A09A-078BA2DCE5BB}.Release|Any CPU.ActiveCfg = Release|Any CPU
		{65AF6C2E-3885-4838-A09A-078BA2DCE5BB}.Release|Any CPU.Build.0 = Release|Any CPU
		{59EF6DD8-AAB0-431C-87EC-5B31A0C15A41}.Debug|Any CPU.ActiveCfg = Debug|Any CPU
		{59EF6DD8-AAB0-431C-87EC-5B31A0C15A41}.Debug|Any CPU.Build.0 = Debug|Any CPU
		{59EF6DD8-AAB0-431C-87EC-5B31A0C15A41}.Release|Any CPU.ActiveCfg = Release|Any CPU
		{59EF6DD8-AAB0-431C-87EC-5B31A0C15A41}.Release|Any CPU.Build.0 = Release|Any CPU
		{31B6C25A-AD27-450F-A692-F832C389BF27}.Debug|Any CPU.ActiveCfg = Debug|Any CPU
		{31B6C25A-AD27-450F-A692-F832C389BF27}.Debug|Any CPU.Build.0 = Debug|Any CPU
		{31B6C25A-AD27-450F-A692-F832C389BF27}.Release|Any CPU.ActiveCfg = Release|Any CPU
		{31B6C25A-AD27-450F-A692-F832C389BF27}.Release|Any CPU.Build.0 = Release|Any CPU
		{04E1EDB4-AFF6-47E0-8292-8723AA0271EF}.Debug|Any CPU.ActiveCfg = Debug|Any CPU
		{04E1EDB4-AFF6-47E0-8292-8723AA0271EF}.Debug|Any CPU.Build.0 = Debug|Any CPU
		{04E1EDB4-AFF6-47E0-8292-8723AA0271EF}.Release|Any CPU.ActiveCfg = Release|Any CPU
		{04E1EDB4-AFF6-47E0-8292-8723AA0271EF}.Release|Any CPU.Build.0 = Release|Any CPU
		{85F30B77-7AFA-463B-8BF7-1086E1541CB8}.Debug|Any CPU.ActiveCfg = Debug|Any CPU
		{85F30B77-7AFA-463B-8BF7-1086E1541CB8}.Debug|Any CPU.Build.0 = Debug|Any CPU
		{85F30B77-7AFA-463B-8BF7-1086E1541CB8}.Release|Any CPU.ActiveCfg = Release|Any CPU
		{85F30B77-7AFA-463B-8BF7-1086E1541CB8}.Release|Any CPU.Build.0 = Release|Any CPU
		{6604DC13-A143-4ED3-BC6B-4DE0295B9E66}.Debug|Any CPU.ActiveCfg = Debug|Any CPU
		{6604DC13-A143-4ED3-BC6B-4DE0295B9E66}.Debug|Any CPU.Build.0 = Debug|Any CPU
		{6604DC13-A143-4ED3-BC6B-4DE0295B9E66}.Release|Any CPU.ActiveCfg = Release|Any CPU
		{6604DC13-A143-4ED3-BC6B-4DE0295B9E66}.Release|Any CPU.Build.0 = Release|Any CPU
	EndGlobalSection
	GlobalSection(SolutionProperties) = preSolution
		HideSolutionNode = FALSE
	EndGlobalSection
	GlobalSection(NestedProjects) = preSolution
		{65AF6C2E-3885-4838-A09A-078BA2DCE5BB} = {02EA681E-C7D8-13C7-8484-4AC65E1B71E8}
		{59EF6DD8-AAB0-431C-87EC-5B31A0C15A41} = {02EA681E-C7D8-13C7-8484-4AC65E1B71E8}
		{31B6C25A-AD27-450F-A692-F832C389BF27} = {34049E9C-7022-4A69-8562-F8875B486743}
		{04E1EDB4-AFF6-47E0-8292-8723AA0271EF} = {CFCE7F17-0C87-4002-8032-43545540AE4B}
		{85F30B77-7AFA-463B-8BF7-1086E1541CB8} = {D311E4E2-A0C4-41FD-A080-12F673ECFA7A}
		{6604DC13-A143-4ED3-BC6B-4DE0295B9E66} = {CFCE7F17-0C87-4002-8032-43545540AE4B}
	EndGlobalSection
	GlobalSection(ExtensibilityGlobals) = postSolution
		SolutionGuid = {A3C372AC-318C-4F32-B969-EB1E5730AFB5}
	EndGlobalSection
EndGlobal
